# This file is automatically @generated by Poetry 2.2.0 and should not be changed by hand.

[[package]]
name = "tree-sitter"
version = "0.25.1"
description = "Python bindings to the Tree-sitter parsing library"
optional = false
python-versions = ">=3.10"
groups = ["main"]
files = [
    {file = "tree-sitter-0.25.1.tar.gz", hash = "sha256:cd761ad0e4d1fc88a4b1b8083bae06d4f973acf6f5f29bbf13ea9609c1dec9c1"},
    {file = "tree_sitter-0.25.1-cp310-cp310-macosx_10_9_x86_64.whl", hash = "sha256:a15d62ffdb095d509bda8c140c1ddd0cc80f0c67f92b87fcc96cd242dc0c71ea"},
    {file = "tree_sitter-0.25.1-cp310-cp310-macosx_11_0_arm64.whl", hash = "sha256:1d938f0a1ffad1206a1a569b0501345eeca81cae0a4487bb485e53768b02f24e"},
    {file = "tree_sitter-0.25.1-cp310-cp310-manylinux2014_aarch64.manylinux_2_17_aarch64.manylinux_2_28_aarch64.whl", hash = "sha256:ba8cea296de5dcb384b9a15cf526985ac8339c81da51c7e29a251d82071f5ee9"},
    {file = "tree_sitter-0.25.1-cp310-cp310-manylinux2014_x86_64.manylinux_2_17_x86_64.manylinux_2_28_x86_64.whl", hash = "sha256:387fd2bd8657d69e877618dc199c18e2d6fe073b8f5c59e23435f3baee4ee10a"},
    {file = "tree_sitter-0.25.1-cp310-cp310-musllinux_1_2_x86_64.whl", hash = "sha256:afa49e51f82b58ae2c1291d6b79ca31e0fb36c04bd9a20d89007472edfb70136"},
    {file = "tree_sitter-0.25.1-cp310-cp310-win_amd64.whl", hash = "sha256:77be45f666adf284914510794b41100decccd71dba88010c03dc2bb0d653acec"},
    {file = "tree_sitter-0.25.1-cp310-cp310-win_arm64.whl", hash = "sha256:72badac2de4e81ae0df5efe14ec5003bd4df3e48e7cf84dbd9df3a54599ba371"},
    {file = "tree_sitter-0.25.1-cp311-cp311-macosx_10_9_x86_64.whl", hash = "sha256:33a8fbaeb2b5049cf5318306ab8b16ab365828b2b21ee13678c29e0726a1d27a"},
    {file = "tree_sitter-0.25.1-cp311-cp311-macosx_11_0_arm64.whl", hash = "sha256:797bbbc686d8d3722d25ee0108ad979bda6ad3e1025859ce2ee290e517816bd4"},
    {file = "tree_sitter-0.25.1-cp311-cp311-manylinux2014_aarch64.manylinux_2_17_aarch64.manylinux_2_28_aarch64.whl", hash = "sha256:629fc2ae3f5954b0f6a7b42ee3fcd8f34b68ea161e9f02fa5bf709cbbac996d3"},
    {file = "tree_sitter-0.25.1-cp311-cp311-manylinux2014_x86_64.manylinux_2_17_x86_64.manylinux_2_28_x86_64.whl", hash = "sha256:4257018c42a33a7935a5150d678aac05c6594347d6a6e6dbdf7e2ef4ae985213"},
    {file = "tree_sitter-0.25.1-cp311-cp311-musllinux_1_2_x86_64.whl", hash = "sha256:4027854c9feee2a3bb99642145ba04ce95d75bd17e292911c93a488cb28d0a04"},
    {file = "tree_sitter-0.25.1-cp311-cp311-win_amd64.whl", hash = "sha256:183faaedcee5f0a3ba39257fa81749709d5eb7cf92c2c050b36ff38468d1774c"},
    {file = "tree_sitter-0.25.1-cp311-cp311-win_arm64.whl", hash = "sha256:6a3800235535a2532ce392ed0d8e6f698ee010e73805bdeac2f249da8246bab6"},
    {file = "tree_sitter-0.25.1-cp312-cp312-macosx_10_13_x86_64.whl", hash = "sha256:9362a202144075b54f7c9f07e0b0e44a61eed7ee19e140c506b9e64c1d21ed58"},
    {file = "tree_sitter-0.25.1-cp312-cp312-macosx_11_0_arm64.whl", hash = "sha256:593f22529f34dd04de02f56ea6d7c2c8ec99dfab25b58be893247c1090dedd60"},
    {file = "tree_sitter-0.25.1-cp312-cp312-manylinux2014_aarch64.manylinux_2_17_aarch64.manylinux_2_28_aarch64.whl", hash = "sha256:ebb6849f76e1cbfa223303fa680da533d452e378d5fe372598e4752838ca7929"},
    {file = "tree_sitter-0.25.1-cp312-cp312-manylinux2014_x86_64.manylinux_2_17_x86_64.manylinux_2_28_x86_64.whl", hash = "sha256:034d4544bb0f82e449033d76dd083b131c3f9ecb5e37d3475f80ae55e8f382bd"},
    {file = "tree_sitter-0.25.1-cp312-cp312-musllinux_1_2_x86_64.whl", hash = "sha256:46a9b721560070f2f980105266e28a17d3149485582cdba14d66dca14692e932"},
    {file = "tree_sitter-0.25.1-cp312-cp312-win_amd64.whl", hash = "sha256:9a5c522b1350a626dc1cbc5dc203133caeaa114d3f65e400445e8b02f18b343b"},
    {file = "tree_sitter-0.25.1-cp312-cp312-win_arm64.whl", hash = "sha256:43e7b8e83f9fc29ca62e7d2aa8c38e3fa806ff3fc65e0d501d18588dc1509888"},
    {file = "tree_sitter-0.25.1-cp313-cp313-macosx_10_13_x86_64.whl", hash = "sha256:ae1eebc175e6a50b38b0e0385cdc26e92ac0bff9b32ee1c0619bbbf6829d57ea"},
    {file = "tree_sitter-0.25.1-cp313-cp313-macosx_11_0_arm64.whl", hash = "sha256:9e0ae03c4f132f1bffb2bc40b1bb28742785507da693ab04da8531fe534ada9c"},
    {file = "tree_sitter-0.25.1-cp313-cp313-manylinux2014_aarch64.manylinux_2_17_aarch64.manylinux_2_28_aarch64.whl", hash = "sha256:acf571758be0a71046a61a0936cb815f15b13e0ae7ec6d08398e4aa1560b371d"},
    {file = "tree_sitter-0.25.1-cp313-cp313-manylinux2014_x86_64.manylinux_2_17_x86_64.manylinux_2_28_x86_64.whl", hash = "sha256:632910847e3f8ae35841f92cba88a9a1b8bc56ecc1514a5affebf7951fa0fc0a"},
    {file = "tree_sitter-0.25.1-cp313-cp313-musllinux_1_2_x86_64.whl", hash = "sha256:a99ecef7771afb118b2a8435c8ba67ea7a085c60d5d33dc0a4794ed882e5f7df"},
    {file = "tree_sitter-0.25.1-cp313-cp313-win_amd64.whl", hash = "sha256:c1d6393454d1f9d4195c74e40a487640cd4390cd4aee90837485f932a1a0f40c"},
    {file = "tree_sitter-0.25.1-cp313-cp313-win_arm64.whl", hash = "sha256:c1d2dbf7d12426b71ff49739f599c355f4de338a5c0ab994de2a1d290f6e0b20"},
    {file = "tree_sitter-0.25.1-cp314-cp314-macosx_10_13_x86_64.whl", hash = "sha256:32cee52264d9ecf98885fcac0185ac63e16251b31dd8b4a3b8d8071173405f8f"},
    {file = "tree_sitter-0.25.1-cp314-cp314-macosx_11_0_arm64.whl", hash = "sha256:ae024d8ccfef51e61c44a81af7a48670601430701c24f450bea10f4b4effd8d1"},
    {file = "tree_sitter-0.25.1-cp314-cp314-manylinux2014_aarch64.manylinux_2_17_aarch64.manylinux_2_28_aarch64.whl", hash = "sha256:d025c56c393cea660df9ef33ca60329952a1f8ee6212d21b2b390dfec08a3874"},
    {file = "tree_sitter-0.25.1-cp314-cp314-manylinux2014_x86_64.manylinux_2_17_x86_64.manylinux_2_28_x86_64.whl", hash = "sha256:044aa23ea14f337809821bea7467f33f4c6d351739dca76ba0cbe4d0154d8662"},
    {file = "tree_sitter-0.25.1-cp314-cp314-musllinux_1_2_x86_64.whl", hash = "sha256:1863d96704eb002df4ad3b738294ae8bd5dcf8cefb715da18bff6cb2d33d978e"},
    {file = "tree_sitter-0.25.1-cp314-cp314-win_amd64.whl", hash = "sha256:a40a481e28e1afdbc455932d61e49ffd4163aafa83f4a3deb717524a7786197e"},
    {file = "tree_sitter-0.25.1-cp314-cp314-win_arm64.whl", hash = "sha256:f7b68f584336b39b2deab9896b629dddc3c784170733d3409f01fe825e9c04eb"},
]

[package.extras]
docs = ["sphinx (>=8.1,<9.0)", "sphinx-book-theme"]
tests = ["tree-sitter-html (>=0.23.2)", "tree-sitter-javascript (>=0.23.1)", "tree-sitter-json (>=0.24.8)", "tree-sitter-python (>=0.23.6)", "tree-sitter-rust (>=0.23.2)"]

[[package]]
name = "tree-sitter-snl"
version = "0.1.2"
description = "tree-sitter grammar for the EPICS Sequencer's SNL files"
optional = false
python-versions = ">=3.10"
groups = ["main"]
files = [
    {file = "tree_sitter_snl-0.1.2-cp310-abi3-macosx_10_9_x86_64.whl", hash = "sha256:e93499bd364df77f65ad6f1b87bce792106e290537a36a792757f65e214e3f3c"},
    {file = "tree_sitter_snl-0.1.2-cp310-abi3-macosx_11_0_arm64.whl", hash = "sha256:5aaf1bf0f9f43ed3a783e8ccc5aec33436991d42e7b6fbbcd632d3387eb3ec5f"},
    {file = "tree_sitter_snl-0.1.2-cp310-abi3-manylinux1_x86_64.manylinux_2_28_x86_64.manylinux_2_5_x86_64.whl", hash = "sha256:d6dbfc00bfb93fec0b7dbcc5a691a983317ed3d1a790d268c5b4f635bd23eccf"},
    {file = "tree_sitter_snl-0.1.2-cp310-abi3-manylinux2014_aarch64.manylinux_2_17_aarch64.manylinux_2_28_aarch64.whl", hash = "sha256:a561b05da83d121dd9917f92a9ddddcbf5f02c4bd76cb0d0d64c0c4e8977ecfc"},
    {file = "tree_sitter_snl-0.1.2-cp310-abi3-musllinux_1_2_aarch64.whl", hash = "sha256:c8823208c6896dd68b62e07fc40bfccee4aedf1d7ad8a2ed50389815bdcc7c42"},
    {file = "tree_sitter_snl-0.1.2-cp310-abi3-musllinux_1_2_x86_64.whl", hash = "sha256:d79848f8169bf2477cccc40b79c40701e85c50cab37c535f4fdac559f618d165"},
    {file = "tree_sitter_snl-0.1.2-cp310-abi3-win_amd64.whl", hash = "sha256:c48e405d1d85f9541817e9bf72a7360606f5657f8a9fe4f484f62bb250078303"},
    {file = "tree_sitter_snl-0.1.2-cp310-abi3-win_arm64.whl", hash = "sha256:d706c4f18a6b89eaca21866db692cc7f7af4d917701b31641f8008ee97e50bba"},
    {file = "tree_sitter_snl-0.1.2.tar.gz", hash = "sha256:405040e70bc9822266b9760281990d675c4ab9afdf49f1dd05204f86dbb52f35"},
]

[package.extras]
core = ["tree-sitter (>=0.24,<1.0)"]

[metadata]
lock-version = "2.1"
python-versions = "^3.10"
content-hash = "7db493ce5d9182d280a2f2698ffa4f2fed680a3114f4a4b9f3380c9047e86fb7"
